{
	"name": "elementor-icons",
	"version": "5.16.0",
	"lockfileVersion": 1,
	"requires": true,
	"dependencies": {
		"@trysound/sax": {
			"version": "0.2.0",
			"resolved": "https://registry.npmjs.org/@trysound/sax/-/sax-0.2.0.tgz",
			"integrity": "sha512-L7z9BgrNEcYyUYtF+HaEfiS5ebkh9jXqbszz7pC0hRBPaatV0XjSD3+eHrpqFemQfgwiFF0QPIarnIihIDn7OA==",
			"dev": true
		},
		"anymatch": {
			"version": "3.1.2",
			"resolved": "https://registry.npmjs.org/anymatch/-/anymatch-3.1.2.tgz",
			"integrity": "sha512-P43ePfOAIupkguHUycrc4qJ9kz8ZiuOUijaETwX7THt0Y/GNK7v0aa8rY816xWjZ7rJdA5XdMcpVFTKMq+RvWg==",
			"dev": true,
			"requires": {
				"normalize-path": "^3.0.0",
				"picomatch": "^2.0.4"
			}
		},
		"binary-extensions": {
			"version": "2.2.0",
			"resolved": "https://registry.npmjs.org/binary-extensions/-/binary-extensions-2.2.0.tgz",
			"integrity": "sha512-jDctJ/IVQbZoJykoeHbhXpOlNBqGNcwXJKJog42E5HDPUwQTSdjCHdihjj0DlnheQ7blbT6dHOafNAiS8ooQKA==",
			"dev": true
		},
		"boolbase": {
			"version": "1.0.0",
			"resolved": "https://registry.npmjs.org/boolbase/-/boolbase-1.0.0.tgz",
			"integrity": "sha512-JZOSA7Mo9sNGB8+UjSgzdLtokWAky1zbztM3WRLCbZ70/3cTANmQmOdR7y2g+J0e2WXywy1yS468tY+IruqEww==",
			"dev": true
		},
		"braces": {
			"version": "3.0.2",
			"resolved": "https://registry.npmjs.org/braces/-/braces-3.0.2.tgz",
			"integrity": "sha512-b8um+L1RzM3WDSzvhm6gIz1yfTbBt6YTlcEKAvsmqCZZFw46z626lVj9j1yEPW33H5H+lBQpZMP1k8l+78Ha0A==",
			"dev": true,
			"requires": {
				"fill-range": "^7.0.1"
			}
		},
		"browserslist": {
			"version": "4.21.2",
			"resolved": "https://registry.npmjs.org/browserslist/-/browserslist-4.21.2.tgz",
			"integrity": "sha512-MonuOgAtUB46uP5CezYbRaYKBNt2LxP0yX+Pmj4LkcDFGkn9Cbpi83d9sCjwQDErXsIJSzY5oKGDbgOlF/LPAA==",
			"dev": true,
			"requires": {
				"caniuse-lite": "^1.0.30001366",
				"electron-to-chromium": "^1.4.188",
				"node-releases": "^2.0.6",
				"update-browserslist-db": "^1.0.4"
			}
		},
		"caniuse-api": {
			"version": "3.0.0",
			"resolved": "https://registry.npmjs.org/caniuse-api/-/caniuse-api-3.0.0.tgz",
			"integrity": "sha512-bsTwuIg/BZZK/vreVTYYbSWoe2F+71P7K5QGEX+pT250DZbfU1MQ5prOKpPR+LL6uWKK3KMwMCAS74QB3Um1uw==",
			"dev": true,
			"requires": {
				"browserslist": "^4.0.0",
				"caniuse-lite": "^1.0.0",
				"lodash.memoize": "^4.1.2",
				"lodash.uniq": "^4.5.0"
			}
		},
		"caniuse-lite": {
			"version": "1.0.30001367",
			"resolved": "https://registry.npmjs.org/caniuse-lite/-/caniuse-lite-1.0.30001367.tgz",
			"integrity": "sha512-XDgbeOHfifWV3GEES2B8rtsrADx4Jf+juKX2SICJcaUhjYBO3bR96kvEIHa15VU6ohtOhBZuPGGYGbXMRn0NCw==",
			"dev": true
		},
		"chokidar": {
			"version": "3.5.3",
			"resolved": "https://registry.npmjs.org/chokidar/-/chokidar-3.5.3.tgz",
			"integrity": "sha512-Dr3sfKRP6oTcjf2JmUmFJfeVMvXBdegxB0iVQ5eb2V10uFJUCAS8OByZdVAyVb8xXNz3GjjTgj9kLWsZTqE6kw==",
			"dev": true,
			"requires": {
				"anymatch": "~3.1.2",
				"braces": "~3.0.2",
				"fsevents": "~2.3.2",
				"glob-parent": "~5.1.2",
				"is-binary-path": "~2.1.0",
				"is-glob": "~4.0.1",
				"normalize-path": "~3.0.0",
				"readdirp": "~3.6.0"
			}
		},
		"colord": {
			"version": "2.9.2",
			"resolved": "https://registry.npmjs.org/colord/-/colord-2.9.2.tgz",
			"integrity": "sha512-Uqbg+J445nc1TKn4FoDPS6ZZqAvEDnwrH42yo8B40JSOgSLxMZ/gt3h4nmCtPLQeXhjJJkqBx7SCY35WnIixaQ==",
			"dev": true
		},
		"commander": {
			"version": "7.2.0",
			"resolved": "https://registry.npmjs.org/commander/-/commander-7.2.0.tgz",
			"integrity": "sha512-QrWXB+ZQSVPmIWIhtEO9H+gwHaMGYiF5ChvoJ+K9ZGHG/sVsa6yiesAD1GC/x46sET00Xlwo1u49RVVVzvcSkw==",
			"dev": true
		},
		"css-declaration-sorter": {
			"version": "6.3.0",
			"resolved": "https://registry.npmjs.org/css-declaration-sorter/-/css-declaration-sorter-6.3.0.tgz",
			"integrity": "sha512-OGT677UGHJTAVMRhPO+HJ4oKln3wkBTwtDFH0ojbqm+MJm6xuDMHp2nkhh/ThaBqq20IbraBQSWKfSLNHQO9Og==",
			"dev": true
		},
		"css-select": {
			"version": "4.3.0",
			"resolved": "https://registry.npmjs.org/css-select/-/css-select-4.3.0.tgz",
			"integrity": "sha512-wPpOYtnsVontu2mODhA19JrqWxNsfdatRKd64kmpRbQgh1KtItko5sTnEpPdpSaJszTOhEMlF/RPz28qj4HqhQ==",
			"dev": true,
			"requires": {
				"boolbase": "^1.0.0",
				"css-what": "^6.0.1",
				"domhandler": "^4.3.1",
				"domutils": "^2.8.0",
				"nth-check": "^2.0.1"
			}
		},
		"css-tree": {
			"version": "1.1.3",
			"resolved": "https://registry.npmjs.org/css-tree/-/css-tree-1.1.3.tgz",
			"integrity": "sha512-tRpdppF7TRazZrjJ6v3stzv93qxRcSsFmW6cX0Zm2NVKpxE1WV1HblnghVv9TreireHkqI/VDEsfolRF1p6y7Q==",
			"dev": true,
			"requires": {
				"mdn-data": "2.0.14",
				"source-map": "^0.6.1"
			}
		},
		"css-what": {
			"version": "6.1.0",
			"resolved": "https://registry.npmjs.org/css-what/-/css-what-6.1.0.tgz",
			"integrity": "sha512-HTUrgRJ7r4dsZKU6GjmpfRK1O76h97Z8MfS1G0FozR+oF2kG6Vfe8JE6zwrkbxigziPHinCJ+gCPjA9EaBDtRw==",
			"dev": true
		},
		"cssesc": {
			"version": "3.0.0",
			"resolved": "https://registry.npmjs.org/cssesc/-/cssesc-3.0.0.tgz",
			"integrity": "sha512-/Tb/JcjK111nNScGob5MNtsntNM1aCNUDipB/TkwZFhyDrrE47SOx/18wF2bbjgc3ZzCSKW1T5nt5EbFoAz/Vg==",
			"dev": true
		},
		"cssnano": {
			"version": "5.1.12",
			"resolved": "https://registry.npmjs.org/cssnano/-/cssnano-5.1.12.tgz",
			"integrity": "sha512-TgvArbEZu0lk/dvg2ja+B7kYoD7BBCmn3+k58xD0qjrGHsFzXY/wKTo9M5egcUCabPol05e/PVoIu79s2JN4WQ==",
			"dev": true,
			"requires": {
				"cssnano-preset-default": "^5.2.12",
				"lilconfig": "^2.0.3",
				"yaml": "^1.10.2"
			}
		},
		"cssnano-preset-default": {
			"version": "5.2.12",
			"resolved": "https://registry.npmjs.org/cssnano-preset-default/-/cssnano-preset-default-5.2.12.tgz",
			"integrity": "sha512-OyCBTZi+PXgylz9HAA5kHyoYhfGcYdwFmyaJzWnzxuGRtnMw/kR6ilW9XzlzlRAtB6PLT/r+prYgkef7hngFew==",
			"dev": true,
			"requires": {
				"css-declaration-sorter": "^6.3.0",
				"cssnano-utils": "^3.1.0",
				"postcss-calc": "^8.2.3",
				"postcss-colormin": "^5.3.0",
				"postcss-convert-values": "^5.1.2",
				"postcss-discard-comments": "^5.1.2",
				"postcss-discard-duplicates": "^5.1.0",
				"postcss-discard-empty": "^5.1.1",
				"postcss-discard-overridden": "^5.1.0",
				"postcss-merge-longhand": "^5.1.6",
				"postcss-merge-rules": "^5.1.2",
				"postcss-minify-font-values": "^5.1.0",
				"postcss-minify-gradients": "^5.1.1",
				"postcss-minify-params": "^5.1.3",
				"postcss-minify-selectors": "^5.2.1",
				"postcss-normalize-charset": "^5.1.0",
				"postcss-normalize-display-values": "^5.1.0",
				"postcss-normalize-positions": "^5.1.1",
				"postcss-normalize-repeat-style": "^5.1.1",
				"postcss-normalize-string": "^5.1.0",
				"postcss-normalize-timing-functions": "^5.1.0",
				"postcss-normalize-unicode": "^5.1.0",
				"postcss-normalize-url": "^5.1.0",
				"postcss-normalize-whitespace": "^5.1.1",
				"postcss-ordered-values": "^5.1.3",
				"postcss-reduce-initial": "^5.1.0",
				"postcss-reduce-transforms": "^5.1.0",
				"postcss-svgo": "^5.1.0",
				"postcss-unique-selectors": "^5.1.1"
			}
		},
		"cssnano-utils": {
			"version": "3.1.0",
			"resolved": "https://registry.npmjs.org/cssnano-utils/-/cssnano-utils-3.1.0.tgz",
			"integrity": "sha512-JQNR19/YZhz4psLX/rQ9M83e3z2Wf/HdJbryzte4a3NSuafyp9w/I4U+hx5C2S9g41qlstH7DEWnZaaj83OuEA==",
			"dev": true
		},
		"csso": {
			"version": "4.2.0",
			"resolved": "https://registry.npmjs.org/csso/-/csso-4.2.0.tgz",
			"integrity": "sha512-wvlcdIbf6pwKEk7vHj8/Bkc0B4ylXZruLvOgs9doS5eOsOpuodOV2zJChSpkp+pRpYQLQMeF04nr3Z68Sta9jA==",
			"dev": true,
			"requires": {
				"css-tree": "^1.1.2"
			}
		},
		"dom-serializer": {
			"version": "1.4.1",
			"resolved": "https://registry.npmjs.org/dom-serializer/-/dom-serializer-1.4.1.tgz",
			"integrity": "sha512-VHwB3KfrcOOkelEG2ZOfxqLZdfkil8PtJi4P8N2MMXucZq2yLp75ClViUlOVwyoHEDjYU433Aq+5zWP61+RGag==",
			"dev": true,
			"requires": {
				"domelementtype": "^2.0.1",
				"domhandler": "^4.2.0",
				"entities": "^2.0.0"
			}
		},
		"domelementtype": {
			"version": "2.3.0",
			"resolved": "https://registry.npmjs.org/domelementtype/-/domelementtype-2.3.0.tgz",
			"integrity": "sha512-OLETBj6w0OsagBwdXnPdN0cnMfF9opN69co+7ZrbfPGrdpPVNBUj02spi6B1N7wChLQiPn4CSH/zJvXw56gmHw==",
			"dev": true
		},
		"domhandler": {
			"version": "4.3.1",
			"resolved": "https://registry.npmjs.org/domhandler/-/domhandler-4.3.1.tgz",
			"integrity": "sha512-GrwoxYN+uWlzO8uhUXRl0P+kHE4GtVPfYzVLcUxPL7KNdHKj66vvlhiweIHqYYXWlw+T8iLMp42Lm67ghw4WMQ==",
			"dev": true,
			"requires": {
				"domelementtype": "^2.2.0"
			}
		},
		"domutils": {
			"version": "2.8.0",
			"resolved": "https://registry.npmjs.org/domutils/-/domutils-2.8.0.tgz",
			"integrity": "sha512-w96Cjofp72M5IIhpjgobBimYEfoPjx1Vx0BSX9P30WBdZW2WIKU0T1Bd0kz2eNZ9ikjKgHbEyKx8BB6H1L3h3A==",
			"dev": true,
			"requires": {
				"dom-serializer": "^1.0.1",
				"domelementtype": "^2.2.0",
				"domhandler": "^4.2.0"
			}
		},
		"electron-to-chromium": {
			"version": "1.4.192",
			"resolved": "https://registry.npmjs.org/electron-to-chromium/-/electron-to-chromium-1.4.192.tgz",
			"integrity": "sha512-8nCXyIQY9An88NXAp+PuPy5h3/w5ZY7Iu2lag65Q0XREprcat5F8gKhoHsBUnQcFuCRnmevpR8yEBYRU3d2HDw==",
			"dev": true
		},
		"entities": {
			"version": "2.2.0",
			"resolved": "https://registry.npmjs.org/entities/-/entities-2.2.0.tgz",
			"integrity": "sha512-p92if5Nz619I0w+akJrLZH0MX0Pb5DX39XOwQTtXSdQQOaYH03S1uIQp4mhOZtAXrxq4ViO67YTiLBo2638o9A==",
			"dev": true
		},
		"escalade": {
			"version": "3.1.1",
			"resolved": "https://registry.npmjs.org/escalade/-/escalade-3.1.1.tgz",
			"integrity": "sha512-k0er2gUkLf8O0zKJiAhmkTnJlTvINGv7ygDNPbeIsX/TJjGJZHuh9B2UxbsaEkmlEo9MfhrSzmhIlhRlI2GXnw==",
			"dev": true
		},
		"fill-range": {
			"version": "7.0.1",
			"resolved": "https://registry.npmjs.org/fill-range/-/fill-range-7.0.1.tgz",
			"integrity": "sha512-qOo9F+dMUmC2Lcb4BbVvnKJxTPjCm+RRpe4gDuGrzkL7mEVl/djYSu2OdQ2Pa302N4oqkSg9ir6jaLWJ2USVpQ==",
			"dev": true,
			"requires": {
				"to-regex-range": "^5.0.1"
			}
		},
		"fsevents": {
			"version": "2.3.2",
			"resolved": "https://registry.npmjs.org/fsevents/-/fsevents-2.3.2.tgz",
			"integrity": "sha512-xiqMQR4xAeHTuB9uWm+fFRcIOgKBMiOBP+eXiyT7jsgVCq1bkVygt00oASowB7EdtpOHaaPgKt812P9ab+DDKA==",
			"dev": true,
			"optional": true
		},
		"glob-parent": {
			"version": "5.1.2",
			"resolved": "https://registry.npmjs.org/glob-parent/-/glob-parent-5.1.2.tgz",
			"integrity": "sha512-AOIgSQCepiJYwP3ARnGx+5VnTu2HBYdzbGP45eLw1vr3zB3vZLeyed1sC9hnbcOc9/SrMyM5RPQrkGz4aS9Zow==",
			"dev": true,
			"requires": {
				"is-glob": "^4.0.1"
			}
		},
		"immutable": {
			"version": "4.1.0",
			"resolved": "https://registry.npmjs.org/immutable/-/immutable-4.1.0.tgz",
			"integrity": "sha512-oNkuqVTA8jqG1Q6c+UglTOD1xhC1BtjKI7XkCXRkZHrN5m18/XsnUp8Q89GkQO/z+0WjonSvl0FLhDYftp46nQ==",
			"dev": true
		},
		"is-binary-path": {
			"version": "2.1.0",
			"resolved": "https://registry.npmjs.org/is-binary-path/-/is-binary-path-2.1.0.tgz",
			"integrity": "sha512-ZMERYes6pDydyuGidse7OsHxtbI7WVeUEozgR/g7rd0xUimYNlvZRE/K2MgZTjWy725IfelLeVcEM97mmtRGXw==",
			"dev": true,
			"requires": {
				"binary-extensions": "^2.0.0"
			}
		},
		"is-extglob": {
			"version": "2.1.1",
			"resolved": "https://registry.npmjs.org/is-extglob/-/is-extglob-2.1.1.tgz",
			"integrity": "sha512-SbKbANkN603Vi4jEZv49LeVJMn4yGwsbzZworEoyEiutsN3nJYdbO36zfhGJ6QEDpOZIFkDtnq5JRxmvl3jsoQ==",
			"dev": true
		},
		"is-glob": {
			"version": "4.0.3",
			"resolved": "https://registry.npmjs.org/is-glob/-/is-glob-4.0.3.tgz",
			"integrity": "sha512-xelSayHH36ZgE7ZWhli7pW34hNbNl8Ojv5KVmkJD4hBdD3th8Tfk9vYasLM+mXWOZhFkgZfxhLSnrwRr4elSSg==",
			"dev": true,
			"requires": {
				"is-extglob": "^2.1.1"
			}
		},
		"is-number": {
			"version": "7.0.0",
			"resolved": "https://registry.npmjs.org/is-number/-/is-number-7.0.0.tgz",
			"integrity": "sha512-41Cifkg6e8TylSpdtTpeLVMqvSBEVzTttHvERD741+pnZ8ANv0004MRL43QKPDlK9cGvNp6NZWZUBlbGXYxxng==",
			"dev": true
		},
		"lilconfig": {
			"version": "2.0.6",
			"resolved": "https://registry.npmjs.org/lilconfig/-/lilconfig-2.0.6.tgz",
			"integrity": "sha512-9JROoBW7pobfsx+Sq2JsASvCo6Pfo6WWoUW79HuB1BCoBXD4PLWJPqDF6fNj67pqBYTbAHkE57M1kS/+L1neOg==",
			"dev": true
		},
		"lodash.memoize": {
			"version": "4.1.2",
			"resolved": "https://registry.npmjs.org/lodash.memoize/-/lodash.memoize-4.1.2.tgz",
			"integrity": "sha512-t7j+NzmgnQzTAYXcsHYLgimltOV1MXHtlOWf6GjL9Kj8GK5FInw5JotxvbOs+IvV1/Dzo04/fCGfLVs7aXb4Ag==",
			"dev": true
		},
		"lodash.uniq": {
			"version": "4.5.0",
			"resolved": "https://registry.npmjs.org/lodash.uniq/-/lodash.uniq-4.5.0.tgz",
			"integrity": "sha512-xfBaXQd9ryd9dlSDvnvI0lvxfLJlYAZzXomUYzLKtUeOQvOP5piqAWuGtrhWeqaXK9hhoM/iyJc5AV+XfsX3HQ==",
			"dev": true
		},
		"mdn-data": {
			"version": "2.0.14",
			"resolved": "https://registry.npmjs.org/mdn-data/-/mdn-data-2.0.14.tgz",
			"integrity": "sha512-dn6wd0uw5GsdswPFfsgMp5NSB0/aDe6fK94YJV/AJDYXL6HVLWBsxeq7js7Ad+mU2K9LAlwpk6kN2D5mwCPVow==",
			"dev": true
		},
		"nanoid": {
			"version": "3.3.4",
			"resolved": "https://registry.npmjs.org/nanoid/-/nanoid-3.3.4.tgz",
			"integrity": "sha512-MqBkQh/OHTS2egovRtLk45wEyNXwF+cokD+1YPf9u5VfJiRdAiRwB2froX5Co9Rh20xs4siNPm8naNotSD6RBw==",
			"dev": true
		},
		"node-releases": {
			"version": "2.0.6",
			"resolved": "https://registry.npmjs.org/node-releases/-/node-releases-2.0.6.tgz",
			"integrity": "sha512-PiVXnNuFm5+iYkLBNeq5211hvO38y63T0i2KKh2KnUs3RpzJ+JtODFjkD8yjLwnDkTYF1eKXheUwdssR+NRZdg==",
			"dev": true
		},
		"normalize-path": {
			"version": "3.0.0",
			"resolved": "https://registry.npmjs.org/normalize-path/-/normalize-path-3.0.0.tgz",
			"integrity": "sha512-6eZs5Ls3WtCisHWp9S2GUy8dqkpGi4BVSz3GaqiE6ezub0512ESztXUwUB6C6IKbQkY2Pnb/mD4WYojCRwcwLA==",
			"dev": true
		},
		"normalize-url": {
			"version": "6.1.0",
			"resolved": "https://registry.npmjs.org/normalize-url/-/normalize-url-6.1.0.tgz",
			"integrity": "sha512-DlL+XwOy3NxAQ8xuC0okPgK46iuVNAK01YN7RueYBqqFeGsBjV9XmCAzAdgt+667bCl5kPh9EqKKDwnaPG1I7A==",
			"dev": true
		},
		"nth-check": {
			"version": "2.1.1",
			"resolved": "https://registry.npmjs.org/nth-check/-/nth-check-2.1.1.tgz",
			"integrity": "sha512-lqjrjmaOoAnWfMmBPL+XNnynZh2+swxiX3WUE0s4yEHI6m+AwrK2UZOimIRl3X/4QctVqS8AiZjFqyOGrMXb/w==",
			"dev": true,
			"requires": {
				"boolbase": "^1.0.0"
			}
		},
		"picocolors": {
			"version": "1.0.0",
			"resolved": "https://registry.npmjs.org/picocolors/-/picocolors-1.0.0.tgz",
			"integrity": "sha512-1fygroTLlHu66zi26VoTDv8yRgm0Fccecssto+MhsZ0D/DGW2sm8E8AjW7NU5VVTRt5GxbeZ5qBuJr+HyLYkjQ==",
			"dev": true
		},
		"picomatch": {
			"version": "2.3.1",
			"resolved": "https://registry.npmjs.org/picomatch/-/picomatch-2.3.1.tgz",
			"integrity": "sha512-JU3teHTNjmE2VCGFzuY8EXzCDVwEqB2a8fsIvwaStHhAWJEeVd1o1QD80CU6+ZdEXXSLbSsuLwJjkCBWqRQUVA==",
			"dev": true
		},
		"postcss": {
			"version": "8.4.14",
			"resolved": "https://registry.npmjs.org/postcss/-/postcss-8.4.14.tgz",
			"integrity": "sha512-E398TUmfAYFPBSdzgeieK2Y1+1cpdxJx8yXbK/m57nRhKSmk1GB2tO4lbLBtlkfPQTDKfe4Xqv1ASWPpayPEig==",
			"dev": true,
			"requires": {
				"nanoid": "^3.3.4",
				"picocolors": "^1.0.0",
				"source-map-js": "^1.0.2"
			}
		},
		"postcss-calc": {
			"version": "8.2.4",
			"resolved": "https://registry.npmjs.org/postcss-calc/-/postcss-calc-8.2.4.tgz",
			"integrity": "sha512-SmWMSJmB8MRnnULldx0lQIyhSNvuDl9HfrZkaqqE/WHAhToYsAvDq+yAsA/kIyINDszOp3Rh0GFoNuH5Ypsm3Q==",
			"dev": true,
			"requires": {
				"postcss-selector-parser": "^6.0.9",
				"postcss-value-parser": "^4.2.0"
			}
		},
		"postcss-colormin": {
			"version": "5.3.0",
			"resolved": "https://registry.npmjs.org/postcss-colormin/-/postcss-colormin-5.3.0.tgz",
			"integrity": "sha512-WdDO4gOFG2Z8n4P8TWBpshnL3JpmNmJwdnfP2gbk2qBA8PWwOYcmjmI/t3CmMeL72a7Hkd+x/Mg9O2/0rD54Pg==",
			"dev": true,
			"requires": {
				"browserslist": "^4.16.6",
				"caniuse-api": "^3.0.0",
				"colord": "^2.9.1",
				"postcss-value-parser": "^4.2.0"
			}
		},
		"postcss-convert-values": {
			"version": "5.1.2",
			"resolved": "https://registry.npmjs.org/postcss-convert-values/-/postcss-convert-values-5.1.2.tgz",
			"integrity": "sha512-c6Hzc4GAv95B7suy4udszX9Zy4ETyMCgFPUDtWjdFTKH1SE9eFY/jEpHSwTH1QPuwxHpWslhckUQWbNRM4ho5g==",
			"dev": true,
			"requires": {
				"browserslist": "^4.20.3",
				"postcss-value-parser": "^4.2.0"
			}
		},
		"postcss-discard-comments": {
			"version": "5.1.2",
			"resolved": "https://registry.npmjs.org/postcss-discard-comments/-/postcss-discard-comments-5.1.2.tgz",
			"integrity": "sha512-+L8208OVbHVF2UQf1iDmRcbdjJkuBF6IS29yBDSiWUIzpYaAhtNl6JYnYm12FnkeCwQqF5LeklOu6rAqgfBZqQ==",
			"dev": true
		},
		"postcss-discard-duplicates": {
			"version": "5.1.0",
			"resolved": "https://registry.npmjs.org/postcss-discard-duplicates/-/postcss-discard-duplicates-5.1.0.tgz",
			"integrity": "sha512-zmX3IoSI2aoenxHV6C7plngHWWhUOV3sP1T8y2ifzxzbtnuhk1EdPwm0S1bIUNaJ2eNbWeGLEwzw8huPD67aQw==",
			"dev": true
		},
		"postcss-discard-empty": {
			"version": "5.1.1",
			"resolved": "https://registry.npmjs.org/postcss-discard-empty/-/postcss-discard-empty-5.1.1.tgz",
			"integrity": "sha512-zPz4WljiSuLWsI0ir4Mcnr4qQQ5e1Ukc3i7UfE2XcrwKK2LIPIqE5jxMRxO6GbI3cv//ztXDsXwEWT3BHOGh3A==",
			"dev": true
		},
		"postcss-discard-overridden": {
			"version": "5.1.0",
			"resolved": "https://registry.npmjs.org/postcss-discard-overridden/-/postcss-discard-overridden-5.1.0.tgz",
			"integrity": "sha512-21nOL7RqWR1kasIVdKs8HNqQJhFxLsyRfAnUDm4Fe4t4mCWL9OJiHvlHPjcd8zc5Myu89b/7wZDnOSjFgeWRtw==",
			"dev": true
		},
		"postcss-merge-longhand": {
			"version": "5.1.6",
			"resolved": "https://registry.npmjs.org/postcss-merge-longhand/-/postcss-merge-longhand-5.1.6.tgz",
			"integrity": "sha512-6C/UGF/3T5OE2CEbOuX7iNO63dnvqhGZeUnKkDeifebY0XqkkvrctYSZurpNE902LDf2yKwwPFgotnfSoPhQiw==",
			"dev": true,
			"requires": {
				"postcss-value-parser": "^4.2.0",
				"stylehacks": "^5.1.0"
			}
		},
		"postcss-merge-rules": {
			"version": "5.1.2",
			"resolved": "https://registry.npmjs.org/postcss-merge-rules/-/postcss-merge-rules-5.1.2.tgz",
			"integrity": "sha512-zKMUlnw+zYCWoPN6yhPjtcEdlJaMUZ0WyVcxTAmw3lkkN/NDMRkOkiuctQEoWAOvH7twaxUUdvBWl0d4+hifRQ==",
			"dev": true,
			"requires": {
				"browserslist": "^4.16.6",
				"caniuse-api": "^3.0.0",
				"cssnano-utils": "^3.1.0",
				"postcss-selector-parser": "^6.0.5"
			}
		},
		"postcss-minify-font-values": {
			"version": "5.1.0",
			"resolved": "https://registry.npmjs.org/postcss-minify-font-values/-/postcss-minify-font-values-5.1.0.tgz",
			"integrity": "sha512-el3mYTgx13ZAPPirSVsHqFzl+BBBDrXvbySvPGFnQcTI4iNslrPaFq4muTkLZmKlGk4gyFAYUBMH30+HurREyA==",
			"dev": true,
			"requires": {
				"postcss-value-parser": "^4.2.0"
			}
		},
		"postcss-minify-gradients": {
			"version": "5.1.1",
			"resolved": "https://registry.npmjs.org/postcss-minify-gradients/-/postcss-minify-gradients-5.1.1.tgz",
			"integrity": "sha512-VGvXMTpCEo4qHTNSa9A0a3D+dxGFZCYwR6Jokk+/3oB6flu2/PnPXAh2x7x52EkY5xlIHLm+Le8tJxe/7TNhzw==",
			"dev": true,
			"requires": {
				"colord": "^2.9.1",
				"cssnano-utils": "^3.1.0",
				"postcss-value-parser": "^4.2.0"
			}
		},
		"postcss-minify-params": {
			"version": "5.1.3",
			"resolved": "https://registry.npmjs.org/postcss-minify-params/-/postcss-minify-params-5.1.3.tgz",
			"integrity": "sha512-bkzpWcjykkqIujNL+EVEPOlLYi/eZ050oImVtHU7b4lFS82jPnsCb44gvC6pxaNt38Els3jWYDHTjHKf0koTgg==",
			"dev": true,
			"requires": {
				"browserslist": "^4.16.6",
				"cssnano-utils": "^3.1.0",
				"postcss-value-parser": "^4.2.0"
			}
		},
		"postcss-minify-selectors": {
			"version": "5.2.1",
			"resolved": "https://registry.npmjs.org/postcss-minify-selectors/-/postcss-minify-selectors-5.2.1.tgz",
			"integrity": "sha512-nPJu7OjZJTsVUmPdm2TcaiohIwxP+v8ha9NehQ2ye9szv4orirRU3SDdtUmKH+10nzn0bAyOXZ0UEr7OpvLehg==",
			"dev": true,
			"requires": {
				"postcss-selector-parser": "^6.0.5"
			}
		},
		"postcss-normalize-charset": {
			"version": "5.1.0",
			"resolved": "https://registry.npmjs.org/postcss-normalize-charset/-/postcss-normalize-charset-5.1.0.tgz",
			"integrity": "sha512-mSgUJ+pd/ldRGVx26p2wz9dNZ7ji6Pn8VWBajMXFf8jk7vUoSrZ2lt/wZR7DtlZYKesmZI680qjr2CeFF2fbUg==",
			"dev": true
		},
		"postcss-normalize-display-values": {
			"version": "5.1.0",
			"resolved": "https://registry.npmjs.org/postcss-normalize-display-values/-/postcss-normalize-display-values-5.1.0.tgz",
			"integrity": "sha512-WP4KIM4o2dazQXWmFaqMmcvsKmhdINFblgSeRgn8BJ6vxaMyaJkwAzpPpuvSIoG/rmX3M+IrRZEz2H0glrQNEA==",
			"dev": true,
			"requires": {
				"postcss-value-parser": "^4.2.0"
			}
		},
		"postcss-normalize-positions": {
			"version": "5.1.1",
			"resolved": "https://registry.npmjs.org/postcss-normalize-positions/-/postcss-normalize-positions-5.1.1.tgz",
			"integrity": "sha512-6UpCb0G4eofTCQLFVuI3EVNZzBNPiIKcA1AKVka+31fTVySphr3VUgAIULBhxZkKgwLImhzMR2Bw1ORK+37INg==",
			"dev": true,
			"requires": {
				"postcss-value-parser": "^4.2.0"
			}
		},
		"postcss-normalize-repeat-style": {
			"version": "5.1.1",
			"resolved": "https://registry.npmjs.org/postcss-normalize-repeat-style/-/postcss-normalize-repeat-style-5.1.1.tgz",
			"integrity": "sha512-mFpLspGWkQtBcWIRFLmewo8aC3ImN2i/J3v8YCFUwDnPu3Xz4rLohDO26lGjwNsQxB3YF0KKRwspGzE2JEuS0g==",
			"dev": true,
			"requires": {
				"postcss-value-parser": "^4.2.0"
			}
		},
		"postcss-normalize-string": {
			"version": "5.1.0",
			"resolved": "https://registry.npmjs.org/postcss-normalize-string/-/postcss-normalize-string-5.1.0.tgz",
			"integrity": "sha512-oYiIJOf4T9T1N4i+abeIc7Vgm/xPCGih4bZz5Nm0/ARVJ7K6xrDlLwvwqOydvyL3RHNf8qZk6vo3aatiw/go3w==",
			"dev": true,
			"requires": {
				"postcss-value-parser": "^4.2.0"
			}
		},
		"postcss-normalize-timing-functions": {
			"version": "5.1.0",
			"resolved": "https://registry.npmjs.org/postcss-normalize-timing-functions/-/postcss-normalize-timing-functions-5.1.0.tgz",
			"integrity": "sha512-DOEkzJ4SAXv5xkHl0Wa9cZLF3WCBhF3o1SKVxKQAa+0pYKlueTpCgvkFAHfk+Y64ezX9+nITGrDZeVGgITJXjg==",
			"dev": true,
			"requires": {
				"postcss-value-parser": "^4.2.0"
			}
		},
		"postcss-normalize-unicode": {
			"version": "5.1.0",
			"resolved": "https://registry.npmjs.org/postcss-normalize-unicode/-/postcss-normalize-unicode-5.1.0.tgz",
			"integrity": "sha512-J6M3MizAAZ2dOdSjy2caayJLQT8E8K9XjLce8AUQMwOrCvjCHv24aLC/Lps1R1ylOfol5VIDMaM/Lo9NGlk1SQ==",
			"dev": true,
			"requires": {
				"browserslist": "^4.16.6",
				"postcss-value-parser": "^4.2.0"
			}
		},
		"postcss-normalize-url": {
			"version": "5.1.0",
			"resolved": "https://registry.npmjs.org/postcss-normalize-url/-/postcss-normalize-url-5.1.0.tgz",
			"integrity": "sha512-5upGeDO+PVthOxSmds43ZeMeZfKH+/DKgGRD7TElkkyS46JXAUhMzIKiCa7BabPeIy3AQcTkXwVVN7DbqsiCew==",
			"dev": true,
			"requires": {
				"normalize-url": "^6.0.1",
				"postcss-value-parser": "^4.2.0"
			}
		},
		"postcss-normalize-whitespace": {
			"version": "5.1.1",
			"resolved": "https://registry.npmjs.org/postcss-normalize-whitespace/-/postcss-normalize-whitespace-5.1.1.tgz",
			"integrity": "sha512-83ZJ4t3NUDETIHTa3uEg6asWjSBYL5EdkVB0sDncx9ERzOKBVJIUeDO9RyA9Zwtig8El1d79HBp0JEi8wvGQnA==",
			"dev": true,
			"requires": {
				"postcss-value-parser": "^4.2.0"
			}
		},
		"postcss-ordered-values": {
			"version": "5.1.3",
			"resolved": "https://registry.npmjs.org/postcss-ordered-values/-/postcss-ordered-values-5.1.3.tgz",
			"integrity": "sha512-9UO79VUhPwEkzbb3RNpqqghc6lcYej1aveQteWY+4POIwlqkYE21HKWaLDF6lWNuqCobEAyTovVhtI32Rbv2RQ==",
			"dev": true,
			"requires": {
				"cssnano-utils": "^3.1.0",
				"postcss-value-parser": "^4.2.0"
			}
		},
		"postcss-reduce-initial": {
			"version": "5.1.0",
			"resolved": "https://registry.npmjs.org/postcss-reduce-initial/-/postcss-reduce-initial-5.1.0.tgz",
			"integrity": "sha512-5OgTUviz0aeH6MtBjHfbr57tml13PuedK/Ecg8szzd4XRMbYxH4572JFG067z+FqBIf6Zp/d+0581glkvvWMFw==",
			"dev": true,
			"requires": {
				"browserslist": "^4.16.6",
				"caniuse-api": "^3.0.0"
			}
		},
		"postcss-reduce-transforms": {
			"version": "5.1.0",
			"resolved": "https://registry.npmjs.org/postcss-reduce-transforms/-/postcss-reduce-transforms-5.1.0.tgz",
			"integrity": "sha512-2fbdbmgir5AvpW9RLtdONx1QoYG2/EtqpNQbFASDlixBbAYuTcJ0dECwlqNqH7VbaUnEnh8SrxOe2sRIn24XyQ==",
			"dev": true,
			"requires": {
				"postcss-value-parser": "^4.2.0"
			}
		},
		"postcss-selector-parser": {
			"version": "6.0.10",
			"resolved": "https://registry.npmjs.org/postcss-selector-parser/-/postcss-selector-parser-6.0.10.tgz",
			"integrity": "sha512-IQ7TZdoaqbT+LCpShg46jnZVlhWD2w6iQYAcYXfHARZ7X1t/UGhhceQDs5X0cGqKvYlHNOuv7Oa1xmb0oQuA3w==",
			"dev": true,
			"requires": {
				"cssesc": "^3.0.0",
				"util-deprecate": "^1.0.2"
			}
		},
		"postcss-svgo": {
			"version": "5.1.0",
			"resolved": "https://registry.npmjs.org/postcss-svgo/-/postcss-svgo-5.1.0.tgz",
			"integrity": "sha512-D75KsH1zm5ZrHyxPakAxJWtkyXew5qwS70v56exwvw542d9CRtTo78K0WeFxZB4G7JXKKMbEZtZayTGdIky/eA==",
			"dev": true,
			"requires": {
				"postcss-value-parser": "^4.2.0",
				"svgo": "^2.7.0"
			}
		},
		"postcss-unique-selectors": {
			"version": "5.1.1",
			"resolved": "https://registry.npmjs.org/postcss-unique-selectors/-/postcss-unique-selectors-5.1.1.tgz",
			"integrity": "sha512-5JiODlELrz8L2HwxfPnhOWZYWDxVHWL83ufOv84NrcgipI7TaeRsatAhK4Tr2/ZiYldpK/wBvw5BD3qfaK96GA==",
			"dev": true,
			"requires": {
				"postcss-selector-parser": "^6.0.5"
			}
		},
		"postcss-value-parser": {
			"version": "4.2.0",
			"resolved": "https://registry.npmjs.org/postcss-value-parser/-/postcss-value-parser-4.2.0.tgz",
			"integrity": "sha512-1NNCs6uurfkVbeXG4S8JFT9t19m45ICnif8zWLd5oPSZ50QnwMfK+H3jv408d4jw/7Bttv5axS5IiHoLaVNHeQ==",
			"dev": true
		},
		"readdirp": {
			"version": "3.6.0",
			"resolved": "https://registry.npmjs.org/readdirp/-/readdirp-3.6.0.tgz",
			"integrity": "sha512-hOS089on8RduqdbhvQ5Z37A0ESjsqz6qnRcffsMU3495FuTdqSm+7bhJ29JvIOsBDEEnan5DPu9t3To9VRlMzA==",
			"dev": true,
			"requires": {
				"picomatch": "^2.2.1"
			}
		},
		"sass": {
			"version": "1.53.0",
			"resolved": "https://registry.npmjs.org/sass/-/sass-1.53.0.tgz",
			"integrity": "sha512-zb/oMirbKhUgRQ0/GFz8TSAwRq2IlR29vOUJZOx0l8sV+CkHUfHa4u5nqrG+1VceZp7Jfj59SVW9ogdhTvJDcQ==",
			"dev": true,
			"requires": {
				"chokidar": ">=3.0.0 <4.0.0",
				"immutable": "^4.0.0",
				"source-map-js": ">=0.6.2 <2.0.0"
			}
		},
		"source-map": {
			"version": "0.6.1",
			"resolved": "https://registry.npmjs.org/source-map/-/source-map-0.6.1.tgz",
			"integrity": "sha512-UjgapumWlbMhkBgzT7Ykc5YXUT46F0iKu8SGXq0bcwP5dz/h0Plj6enJqjz1Zbq2l5WaqYnrVbwWOWMyF3F47g==",
			"dev": true
		},
		"source-map-js": {
			"version": "1.0.2",
			"resolved": "https://registry.npmjs.org/source-map-js/-/source-map-js-1.0.2.tgz",
			"integrity": "sha512-R0XvVJ9WusLiqTCEiGCmICCMplcCkIwwR11mOSD9CR5u+IXYdiseeEuXCVAjS54zqwkLcPNnmU4OeJ6tUrWhDw==",
			"dev": true
		},
		"stable": {
			"version": "0.1.8",
			"resolved": "https://registry.npmjs.org/stable/-/stable-0.1.8.tgz",
			"integrity": "sha512-ji9qxRnOVfcuLDySj9qzhGSEFVobyt1kIOSkj1qZzYLzq7Tos/oUUWvotUPQLlrsidqsK6tBH89Bc9kL5zHA6w==",
			"dev": true
		},
		"stylehacks": {
			"version": "5.1.0",
			"resolved": "https://registry.npmjs.org/stylehacks/-/stylehacks-5.1.0.tgz",
			"integrity": "sha512-SzLmvHQTrIWfSgljkQCw2++C9+Ne91d/6Sp92I8c5uHTcy/PgeHamwITIbBW9wnFTY/3ZfSXR9HIL6Ikqmcu6Q==",
			"dev": true,
			"requires": {
				"browserslist": "^4.16.6",
				"postcss-selector-parser": "^6.0.4"
			}
		},
		"svgo": {
			"version": "2.8.0",
			"resolved": "https://registry.npmjs.org/svgo/-/svgo-2.8.0.tgz",
			"integrity": "sha512-+N/Q9kV1+F+UeWYoSiULYo4xYSDQlTgb+ayMobAXPwMnLvop7oxKMo9OzIrX5x3eS4L4f2UHhc9axXwY8DpChg==",
			"dev": true,
			"requires": {
				"@trysound/sax": "0.2.0",
				"commander": "^7.2.0",
				"css-select": "^4.1.3",
				"css-tree": "^1.1.3",
				"csso": "^4.2.0",
				"picocolors": "^1.0.0",
				"stable": "^0.1.8"
			}
		},
		"to-regex-range": {
			"version": "5.0.1",
			"resolved": "https://registry.npmjs.org/to-regex-range/-/to-regex-range-5.0.1.tgz",
			"integrity": "sha512-65P7iz6X5yEr1cwcgvQxbbIw7Uk3gOy5dIdtZ4rDveLqhrdJP+Li/Hx6tyK0NEb+2GCyneCMJiGqrADCSNk8sQ==",
			"dev": true,
			"requires": {
				"is-number": "^7.0.0"
			}
		},
		"update-browserslist-db": {
			"version": "1.0.4",
			"resolved": "https://registry.npmjs.org/update-browserslist-db/-/update-browserslist-db-1.0.4.tgz",
			"integrity": "sha512-jnmO2BEGUjsMOe/Fg9u0oczOe/ppIDZPebzccl1yDWGLFP16Pa1/RM5wEoKYPG2zstNcDuAStejyxsOuKINdGA==",
			"dev": true,
			"requires": {
				"escalade": "^3.1.1",
				"picocolors": "^1.0.0"
			}
		},
		"util-deprecate": {
			"version": "1.0.2",
			"resolved": "https://registry.npmjs.org/util-deprecate/-/util-deprecate-1.0.2.tgz",
			"integrity": "sha512-EPD5q1uXyFxJpCrLnCc1nHnq3gOa6DZBocAIiI2TaSCA7VCJ1UJDMagCzIkXNsUYfD1daK//LTEQ8xiIbrHtcw==",
			"dev": true
		},
		"yaml": {
			"version": "1.10.2",
			"resolved": "https://registry.npmjs.org/yaml/-/yaml-1.10.2.tgz",
			"integrity": "sha512-r3vXyErRCYJ7wg28yvBY5VSoAF8ZvlcW9/BwUzEtUsjvX/DKs24dIkuwjtuprwJJHsbyUbLApepYTR1BN4uHrg==",
			"dev": true
		}
	}
}
